{
  "name": "serverwebsocket1",
  "version": "1.0.0",
  "lockfileVersion": 1,
  "requires": true,
  "dependencies": {
    "css-duration": {
      "version": "0.2.0",
      "resolved": "https://registry.npmjs.org/css-duration/-/css-duration-0.2.0.tgz",
      "integrity": "sha1-OGQln2kjn7ArpyjDSqgJvmKUpxc=",
      "requires": {
        "css-strip-units": "^1.0.0"
      }
    },
    "css-strip-units": {
      "version": "1.0.0",
      "resolved": "https://registry.npmjs.org/css-strip-units/-/css-strip-units-1.0.0.tgz",
      "integrity": "sha1-G4MZA55LTmZGdsOD3InMCvjIehE="
    },
    "ws": {
      "version": "7.4.0",
      "resolved": "https://registry.npmjs.org/ws/-/ws-7.4.0.tgz",
      "integrity": "sha512-kyFwXuV/5ymf+IXhS6f0+eAFvydbaBW3zjpT6hUdAh/hbVjTIB5EHBGi0bPoCLSK2wcuz3BrEkB9LrYv1Nm4NQ=="
    },
    "ws-rate-limit": {
      "version": "0.0.0",
      "resolved": "https://registry.npmjs.org/ws-rate-limit/-/ws-rate-limit-0.0.0.tgz",
      "integrity": "sha1-E3YgWwHW6E+f1nnVKV75co30GXE=",
      "requires": {
        "css-duration": "^0.2.0"
      }
    }
  }
}
